// !$*UTF8*$!
{
	archiveVersion = 1;
	classes = {
	};
	objectVersion = 46;
	objects = {

/* Begin PBXBuildFile section */
		AE8A591B1F25D1BA0072A57D /* AutoresizingViewController.m in Sources */ = {isa = PBXBuildFile; fileRef = AE8A590F1F25D1BA0072A57D /* AutoresizingViewController.m */; };
		AE8A591C1F25D1BA0072A57D /* Autolayout.storyboard in Resources */ = {isa = PBXBuildFile; fileRef = AE8A59111F25D1BA0072A57D /* Autolayout.storyboard */; };
		AE8A591D1F25D1BA0072A57D /* AutolayoutViewController.m in Sources */ = {isa = PBXBuildFile; fileRef = AE8A59131F25D1BA0072A57D /* AutolayoutViewController.m */; };
		AE8A591E1F25D1BA0072A57D /* Autoresizing.storyboard in Resources */ = {isa = PBXBuildFile; fileRef = AE8A59151F25D1BA0072A57D /* Autoresizing.storyboard */; };
		AE8A591F1F25D1BA0072A57D /* AutoSBViewController.m in Sources */ = {isa = PBXBuildFile; fileRef = AE8A59171F25D1BA0072A57D /* AutoSBViewController.m */; };
		AE8A59201F25D1BA0072A57D /* FrameViewController.m in Sources */ = {isa = PBXBuildFile; fileRef = AE8A591A1F25D1BA0072A57D /* FrameViewController.m */; };
		AE8A59321F25D26A0072A57D /* RootTableViewController.m in Sources */ = {isa = PBXBuildFile; fileRef = AE8A592D1F25D26A0072A57D /* RootTableViewController.m */; };
		AE8A59331F25D26A0072A57D /* RootTableViewModel.m in Sources */ = {isa = PBXBuildFile; fileRef = AE8A59301F25D26A0072A57D /* RootTableViewModel.m */; };
		AE8A59361F25DAEA0072A57D /* RootTableViewCell.m in Sources */ = {isa = PBXBuildFile; fileRef = AE8A59351F25DAEA0072A57D /* RootTableViewCell.m */; };
		AEDD8D041F218E82005942A6 /* main.m in Sources */ = {isa = PBXBuildFile; fileRef = AEDD8D031F218E82005942A6 /* main.m */; };
		AEDD8D071F218E82005942A6 /* AppDelegate.m in Sources */ = {isa = PBXBuildFile; fileRef = AEDD8D061F218E82005942A6 /* AppDelegate.m */; };
		AEDD8D0F1F218E82005942A6 /* Assets.xcassets in Resources */ = {isa = PBXBuildFile; fileRef = AEDD8D0E1F218E82005942A6 /* Assets.xcassets */; };
		AEDD8D121F218E82005942A6 /* LaunchScreen.storyboard in Resources */ = {isa = PBXBuildFile; fileRef = AEDD8D101F218E82005942A6 /* LaunchScreen.storyboard */; };
		AEF462111F25B32A00B69AA2 /* BaseView.m in Sources */ = {isa = PBXBuildFile; fileRef = AEF462011F25B32A00B69AA2 /* BaseView.m */; };
		AEF462121F25B32A00B69AA2 /* UIView+Border.m in Sources */ = {isa = PBXBuildFile; fileRef = AEF462031F25B32A00B69AA2 /* UIView+Border.m */; };
		AEF462141F25B32A00B69AA2 /* CALayer+Additions.m in Sources */ = {isa = PBXBuildFile; fileRef = AEF462091F25B32A00B69AA2 /* CALayer+Additions.m */; };
		AEF462151F25B32A00B69AA2 /* UIView+changeFrame.m in Sources */ = {isa = PBXBuildFile; fileRef = AEF4620B1F25B32A00B69AA2 /* UIView+changeFrame.m */; };
/* End PBXBuildFile section */

/* Begin PBXFileReference section */
		AE8A590E1F25D1BA0072A57D /* AutoresizingViewController.h */ = {isa = PBXFileReference; fileEncoding = 4; lastKnownFileType = sourcecode.c.h; path = AutoresizingViewController.h; sourceTree = "<group>"; };
		AE8A590F1F25D1BA0072A57D /* AutoresizingViewController.m */ = {isa = PBXFileReference; fileEncoding = 4; lastKnownFileType = sourcecode.c.objc; path = AutoresizingViewController.m; sourceTree = "<group>"; };
		AE8A59111F25D1BA0072A57D /* Autolayout.storyboard */ = {isa = PBXFileReference; fileEncoding = 4; lastKnownFileType = file.storyboard; path = Autolayout.storyboard; sourceTree = "<group>"; };
		AE8A59121F25D1BA0072A57D /* AutolayoutViewController.h */ = {isa = PBXFileReference; fileEncoding = 4; lastKnownFileType = sourcecode.c.h; path = AutolayoutViewController.h; sourceTree = "<group>"; };
		AE8A59131F25D1BA0072A57D /* AutolayoutViewController.m */ = {isa = PBXFileReference; fileEncoding = 4; lastKnownFileType = sourcecode.c.objc; path = AutolayoutViewController.m; sourceTree = "<group>"; };
		AE8A59151F25D1BA0072A57D /* Autoresizing.storyboard */ = {isa = PBXFileReference; fileEncoding = 4; lastKnownFileType = file.storyboard; path = Autoresizing.storyboard; sourceTree = "<group>"; };
		AE8A59161F25D1BA0072A57D /* AutoSBViewController.h */ = {isa = PBXFileReference; fileEncoding = 4; lastKnownFileType = sourcecode.c.h; path = AutoSBViewController.h; sourceTree = "<group>"; };
		AE8A59171F25D1BA0072A57D /* AutoSBViewController.m */ = {isa = PBXFileReference; fileEncoding = 4; lastKnownFileType = sourcecode.c.objc; path = AutoSBViewController.m; sourceTree = "<group>"; };
		AE8A59191F25D1BA0072A57D /* FrameViewController.h */ = {isa = PBXFileReference; fileEncoding = 4; lastKnownFileType = sourcecode.c.h; path = FrameViewController.h; sourceTree = "<group>"; };
		AE8A591A1F25D1BA0072A57D /* FrameViewController.m */ = {isa = PBXFileReference; fileEncoding = 4; lastKnownFileType = sourcecode.c.objc; path = FrameViewController.m; sourceTree = "<group>"; };
		AE8A592C1F25D26A0072A57D /* RootTableViewController.h */ = {isa = PBXFileReference; fileEncoding = 4; lastKnownFileType = sourcecode.c.h; path = RootTableViewController.h; sourceTree = "<group>"; };
		AE8A592D1F25D26A0072A57D /* RootTableViewController.m */ = {isa = PBXFileReference; fileEncoding = 4; lastKnownFileType = sourcecode.c.objc; path = RootTableViewController.m; sourceTree = "<group>"; };
		AE8A592F1F25D26A0072A57D /* RootTableViewModel.h */ = {isa = PBXFileReference; fileEncoding = 4; lastKnownFileType = sourcecode.c.h; path = RootTableViewModel.h; sourceTree = "<group>"; };
		AE8A59301F25D26A0072A57D /* RootTableViewModel.m */ = {isa = PBXFileReference; fileEncoding = 4; lastKnownFileType = sourcecode.c.objc; path = RootTableViewModel.m; sourceTree = "<group>"; };
		AE8A59341F25DAEA0072A57D /* RootTableViewCell.h */ = {isa = PBXFileReference; fileEncoding = 4; lastKnownFileType = sourcecode.c.h; path = RootTableViewCell.h; sourceTree = "<group>"; };
		AE8A59351F25DAEA0072A57D /* RootTableViewCell.m */ = {isa = PBXFileReference; fileEncoding = 4; lastKnownFileType = sourcecode.c.objc; path = RootTableViewCell.m; sourceTree = "<group>"; };
		AEDD8CFF1F218E82005942A6 /* ScreenAdaptation.app */ = {isa = PBXFileReference; explicitFileType = wrapper.application; includeInIndex = 0; path = ScreenAdaptation.app; sourceTree = BUILT_PRODUCTS_DIR; };
		AEDD8D031F218E82005942A6 /* main.m */ = {isa = PBXFileReference; lastKnownFileType = sourcecode.c.objc; path = main.m; sourceTree = "<group>"; };
		AEDD8D051F218E82005942A6 /* AppDelegate.h */ = {isa = PBXFileReference; lastKnownFileType = sourcecode.c.h; path = AppDelegate.h; sourceTree = "<group>"; };
		AEDD8D061F218E82005942A6 /* AppDelegate.m */ = {isa = PBXFileReference; lastKnownFileType = sourcecode.c.objc; path = AppDelegate.m; sourceTree = "<group>"; };
		AEDD8D0E1F218E82005942A6 /* Assets.xcassets */ = {isa = PBXFileReference; lastKnownFileType = folder.assetcatalog; path = Assets.xcassets; sourceTree = "<group>"; };
		AEDD8D111F218E82005942A6 /* Base */ = {isa = PBXFileReference; lastKnownFileType = file.storyboard; name = Base; path = Base.lproj/LaunchScreen.storyboard; sourceTree = "<group>"; };
		AEDD8D131F218E82005942A6 /* Info.plist */ = {isa = PBXFileReference; lastKnownFileType = text.plist.xml; path = Info.plist; sourceTree = "<group>"; };
		AEF462001F25B32A00B69AA2 /* BaseView.h */ = {isa = PBXFileReference; fileEncoding = 4; lastKnownFileType = sourcecode.c.h; path = BaseView.h; sourceTree = "<group>"; };
		AEF462011F25B32A00B69AA2 /* BaseView.m */ = {isa = PBXFileReference; fileEncoding = 4; lastKnownFileType = sourcecode.c.objc; path = BaseView.m; sourceTree = "<group>"; };
		AEF462021F25B32A00B69AA2 /* UIView+Border.h */ = {isa = PBXFileReference; fileEncoding = 4; lastKnownFileType = sourcecode.c.h; path = "UIView+Border.h"; sourceTree = "<group>"; };
		AEF462031F25B32A00B69AA2 /* UIView+Border.m */ = {isa = PBXFileReference; fileEncoding = 4; lastKnownFileType = sourcecode.c.objc; path = "UIView+Border.m"; sourceTree = "<group>"; };
		AEF462081F25B32A00B69AA2 /* CALayer+Additions.h */ = {isa = PBXFileReference; fileEncoding = 4; lastKnownFileType = sourcecode.c.h; path = "CALayer+Additions.h"; sourceTree = "<group>"; };
		AEF462091F25B32A00B69AA2 /* CALayer+Additions.m */ = {isa = PBXFileReference; fileEncoding = 4; lastKnownFileType = sourcecode.c.objc; path = "CALayer+Additions.m"; sourceTree = "<group>"; };
		AEF4620A1F25B32A00B69AA2 /* UIView+changeFrame.h */ = {isa = PBXFileReference; fileEncoding = 4; lastKnownFileType = sourcecode.c.h; path = "UIView+changeFrame.h"; sourceTree = "<group>"; };
		AEF4620B1F25B32A00B69AA2 /* UIView+changeFrame.m */ = {isa = PBXFileReference; fileEncoding = 4; lastKnownFileType = sourcecode.c.objc; path = "UIView+changeFrame.m"; sourceTree = "<group>"; };
/* End PBXFileReference section */

/* Begin PBXFrameworksBuildPhase section */
		AEDD8CFC1F218E82005942A6 /* Frameworks */ = {
			isa = PBXFrameworksBuildPhase;
			buildActionMask = 2147483647;
			files = (
			);
			runOnlyForDeploymentPostprocessing = 0;
		};
/* End PBXFrameworksBuildPhase section */

/* Begin PBXGroup section */
		AE8A590D1F25D1BA0072A57D /* Aoturesizing-Code */ = {
			isa = PBXGroup;
			children = (
				AE8A590E1F25D1BA0072A57D /* AutoresizingViewController.h */,
				AE8A590F1F25D1BA0072A57D /* AutoresizingViewController.m */,
			);
			path = "Aoturesizing-Code";
			sourceTree = "<group>";
		};
		AE8A59101F25D1BA0072A57D /* Autolayout-sb */ = {
			isa = PBXGroup;
			children = (
				AE8A59111F25D1BA0072A57D /* Autolayout.storyboard */,
				AE8A59121F25D1BA0072A57D /* AutolayoutViewController.h */,
				AE8A59131F25D1BA0072A57D /* AutolayoutViewController.m */,
			);
			path = "Autolayout-sb";
			sourceTree = "<group>";
		};
		AE8A59141F25D1BA0072A57D /* Autoresizing-sb */ = {
			isa = PBXGroup;
			children = (
				AE8A59151F25D1BA0072A57D /* Autoresizing.storyboard */,
				AE8A59161F25D1BA0072A57D /* AutoSBViewController.h */,
				AE8A59171F25D1BA0072A57D /* AutoSBViewController.m */,
			);
			path = "Autoresizing-sb";
			sourceTree = "<group>";
		};
		AE8A59181F25D1BA0072A57D /* Frame-Code */ = {
			isa = PBXGroup;
			children = (
				AE8A59191F25D1BA0072A57D /* FrameViewController.h */,
				AE8A591A1F25D1BA0072A57D /* FrameViewController.m */,
			);
			path = "Frame-Code";
			sourceTree = "<group>";
		};
		AE8A592A1F25D26A0072A57D /* RootTableViewController */ = {
			isa = PBXGroup;
			children = (
				AE8A592B1F25D26A0072A57D /* Controller */,
				AE8A592E1F25D26A0072A57D /* Model */,
				AE8A59311F25D26A0072A57D /* View */,
			);
			path = RootTableViewController;
			sourceTree = "<group>";
		};
		AE8A592B1F25D26A0072A57D /* Controller */ = {
			isa = PBXGroup;
			children = (
				AE8A592C1F25D26A0072A57D /* RootTableViewController.h */,
				AE8A592D1F25D26A0072A57D /* RootTableViewController.m */,
			);
			path = Controller;
			sourceTree = "<group>";
		};
		AE8A592E1F25D26A0072A57D /* Model */ = {
			isa = PBXGroup;
			children = (
				AE8A592F1F25D26A0072A57D /* RootTableViewModel.h */,
				AE8A59301F25D26A0072A57D /* RootTableViewModel.m */,
			);
			path = Model;
			sourceTree = "<group>";
		};
		AE8A59311F25D26A0072A57D /* View */ = {
			isa = PBXGroup;
			children = (
				AE8A59341F25DAEA0072A57D /* RootTableViewCell.h */,
				AE8A59351F25DAEA0072A57D /* RootTableViewCell.m */,
			);
			path = View;
			sourceTree = "<group>";
		};
		AEDD8CF61F218E82005942A6 = {
			isa = PBXGroup;
			children = (
				AEDD8D011F218E82005942A6 /* ScreenAdaptation */,
				AEDD8D001F218E82005942A6 /* Products */,
			);
			sourceTree = "<group>";
		};
		AEDD8D001F218E82005942A6 /* Products */ = {
			isa = PBXGroup;
			children = (
				AEDD8CFF1F218E82005942A6 /* ScreenAdaptation.app */,
			);
			name = Products;
			sourceTree = "<group>";
		};
		AEDD8D011F218E82005942A6 /* ScreenAdaptation */ = {
			isa = PBXGroup;
			children = (
				AE8A590D1F25D1BA0072A57D /* Aoturesizing-Code */,
				AE8A59141F25D1BA0072A57D /* Autoresizing-sb */,
				AE8A59101F25D1BA0072A57D /* Autolayout-sb */,
				AE8A59181F25D1BA0072A57D /* Frame-Code */,
				AE8A592A1F25D26A0072A57D /* RootTableViewController */,
				AEF461FF1F25B32A00B69AA2 /* BaseView */,
				AEF462071F25B32A00B69AA2 /* Tools */,
				AEDD8D051F218E82005942A6 /* AppDelegate.h */,
				AEDD8D061F218E82005942A6 /* AppDelegate.m */,
				AEDD8D0E1F218E82005942A6 /* Assets.xcassets */,
				AEDD8D101F218E82005942A6 /* LaunchScreen.storyboard */,
				AEDD8D131F218E82005942A6 /* Info.plist */,
				AEDD8D021F218E82005942A6 /* Supporting Files */,
			);
			path = ScreenAdaptation;
			sourceTree = "<group>";
		};
		AEDD8D021F218E82005942A6 /* Supporting Files */ = {
			isa = PBXGroup;
			children = (
				AEDD8D031F218E82005942A6 /* main.m */,
			);
			name = "Supporting Files";
			sourceTree = "<group>";
		};
		AEF461FF1F25B32A00B69AA2 /* BaseView */ = {
			isa = PBXGroup;
			children = (
				AEF462001F25B32A00B69AA2 /* BaseView.h */,
				AEF462011F25B32A00B69AA2 /* BaseView.m */,
				AEF462021F25B32A00B69AA2 /* UIView+Border.h */,
				AEF462031F25B32A00B69AA2 /* UIView+Border.m */,
			);
			path = BaseView;
			sourceTree = "<group>";
		};
		AEF462071F25B32A00B69AA2 /* Tools */ = {
			isa = PBXGroup;
			children = (
				AEF462081F25B32A00B69AA2 /* CALayer+Additions.h */,
				AEF462091F25B32A00B69AA2 /* CALayer+Additions.m */,
				AEF4620A1F25B32A00B69AA2 /* UIView+changeFrame.h */,
				AEF4620B1F25B32A00B69AA2 /* UIView+changeFrame.m */,
			);
			path = Tools;
			sourceTree = "<group>";
		};
/* End PBXGroup section */

/* Begin PBXNativeTarget section */
		AEDD8CFE1F218E82005942A6 /* ScreenAdaptation */ = {
			isa = PBXNativeTarget;
			buildConfigurationList = AEDD8D161F218E82005942A6 /* Build configuration list for PBXNativeTarget "ScreenAdaptation" */;
			buildPhases = (
				AEDD8CFB1F218E82005942A6 /* Sources */,
				AEDD8CFC1F218E82005942A6 /* Frameworks */,
				AEDD8CFD1F218E82005942A6 /* Resources */,
			);
			buildRules = (
			);
			dependencies = (
			);
			name = ScreenAdaptation;
			productName = ScreenAdaptation;
			productReference = AEDD8CFF1F218E82005942A6 /* ScreenAdaptation.app */;
			productType = "com.apple.product-type.application";
		};
/* End PBXNativeTarget section */

/* Begin PBXProject section */
		AEDD8CF71F218E82005942A6 /* Project object */ = {
			isa = PBXProject;
			attributes = {
				LastUpgradeCheck = 0830;
				ORGANIZATIONNAME = Rakuyo;
				TargetAttributes = {
					AEDD8CFE1F218E82005942A6 = {
						CreatedOnToolsVersion = 8.3.3;
						ProvisioningStyle = Automatic;
					};
				};
			};
			buildConfigurationList = AEDD8CFA1F218E82005942A6 /* Build configuration list for PBXProject "ScreenAdaptation" */;
			compatibilityVersion = "Xcode 3.2";
			developmentRegion = English;
			hasScannedForEncodings = 0;
			knownRegions = (
				en,
				Base,
			);
			mainGroup = AEDD8CF61F218E82005942A6;
			productRefGroup = AEDD8D001F218E82005942A6 /* Products */;
			projectDirPath = "";
			projectRoot = "";
			targets = (
				AEDD8CFE1F218E82005942A6 /* ScreenAdaptation */,
			);
		};
/* End PBXProject section */

/* Begin PBXResourcesBuildPhase section */
		AEDD8CFD1F218E82005942A6 /* Resources */ = {
			isa = PBXResourcesBuildPhase;
			buildActionMask = 2147483647;
			files = (
				AEDD8D121F218E82005942A6 /* LaunchScreen.storyboard in Resources */,
				AEDD8D0F1F218E82005942A6 /* Assets.xcassets in Resources */,
				AE8A591E1F25D1BA0072A57D /* Autoresizing.storyboard in Resources */,
				AE8A591C1F25D1BA0072A57D /* Autolayout.storyboard in Resources */,
			);
			runOnlyForDeploymentPostprocessing = 0;
		};
/* End PBXResourcesBuildPhase section */

/* Begin PBXSourcesBuildPhase section */
		AEDD8CFB1F218E82005942A6 /* Sources */ = {
			isa = PBXSourcesBuildPhase;
			buildActionMask = 2147483647;
			files = (
				AE8A591D1F25D1BA0072A57D /* AutolayoutViewController.m in Sources */,
				AEDD8D071F218E82005942A6 /* AppDelegate.m in Sources */,
				AE8A591F1F25D1BA0072A57D /* AutoSBViewController.m in Sources */,
				AE8A59361F25DAEA0072A57D /* RootTableViewCell.m in Sources */,
				AE8A59321F25D26A0072A57D /* RootTableViewController.m in Sources */,
				AE8A591B1F25D1BA0072A57D /* AutoresizingViewController.m in Sources */,
				AE8A59201F25D1BA0072A57D /* FrameViewController.m in Sources */,
				AEF462151F25B32A00B69AA2 /* UIView+changeFrame.m in Sources */,
				AEDD8D041F218E82005942A6 /* main.m in Sources */,
				AEF462141F25B32A00B69AA2 /* CALayer+Additions.m in Sources */,
				AEF462121F25B32A00B69AA2 /* UIView+Border.m in Sources */,
				AEF462111F25B32A00B69AA2 /* BaseView.m in Sources */,
				AE8A59331F25D26A0072A57D /* RootTableViewModel.m in Sources */,
			);
			runOnlyForDeploymentPostprocessing = 0;
		};
/* End PBXSourcesBuildPhase section */

/* Begin PBXVariantGroup section */
		AEDD8D101F218E82005942A6 /* LaunchScreen.storyboard */ = {
			isa = PBXVariantGroup;
			children = (
				AEDD8D111F218E82005942A6 /* Base */,
			);
			name = LaunchScreen.storyboard;
			sourceTree = "<group>";
		};
/* End PBXVariantGroup section */

/* Begin XCBuildConfiguration section */
		AEDD8D141F218E82005942A6 /* Debug */ = {
			isa = XCBuildConfiguration;
			buildSettings = {
				ALWAYS_SEARCH_USER_PATHS = NO;
				CLANG_ANALYZER_NONNULL = YES;
				CLANG_ANALYZER_NUMBER_OBJECT_CONVERSION = YES_AGGRESSIVE;
				CLANG_CXX_LANGUAGE_STANDARD = "gnu++0x";
				CLANG_CXX_LIBRARY = "libc++";
				CLANG_ENABLE_MODULES = YES;
				CLANG_ENABLE_OBJC_ARC = YES;
				CLANG_WARN_BOOL_CONVERSION = YES;
				CLANG_WARN_CONSTANT_CONVERSION = YES;
				CLANG_WARN_DIRECT_OBJC_ISA_USAGE = YES_ERROR;
				CLANG_WARN_DOCUMENTATION_COMMENTS = YES;
				CLANG_WARN_EMPTY_BODY = YES;
				CLANG_WARN_ENUM_CONVERSION = YES;
				CLANG_WARN_INFINITE_RECURSION = YES;
				CLANG_WARN_INT_CONVERSION = YES;
				CLANG_WARN_OBJC_ROOT_CLASS = YES_ERROR;
				CLANG_WARN_SUSPICIOUS_MOVE = YES;
				CLANG_WARN_UNREACHABLE_CODE = YES;
				CLANG_WARN__DUPLICATE_METHOD_MATCH = YES;
				"CODE_SIGN_IDENTITY[sdk=iphoneos*]" = "iPhone Developer";
				COPY_PHASE_STRIP = NO;
				DEBUG_INFORMATION_FORMAT = dwarf;
				ENABLE_STRICT_OBJC_MSGSEND = YES;
				ENABLE_TESTABILITY = YES;
				GCC_C_LANGUAGE_STANDARD = gnu99;
				GCC_DYNAMIC_NO_PIC = NO;
				GCC_NO_COMMON_BLOCKS = YES;
				GCC_OPTIMIZATION_LEVEL = 0;
				GCC_PREPROCESSOR_DEFINITIONS = (
					"DEBUG=1",
					"$(inherited)",
				);
				GCC_WARN_64_TO_32_BIT_CONVERSION = YES;
				GCC_WARN_ABOUT_RETURN_TYPE = YES_ERROR;
				GCC_WARN_UNDECLARED_SELECTOR = YES;
				GCC_WARN_UNINITIALIZED_AUTOS = YES_AGGRESSIVE;
				GCC_WARN_UNUSED_FUNCTION = YES;
				GCC_WARN_UNUSED_VARIABLE = YES;
				IPHONEOS_DEPLOYMENT_TARGET = 10.3;
				MTL_ENABLE_DEBUG_INFO = YES;
				ONLY_ACTIVE_ARCH = YES;
				SDKROOT = iphoneos;
				TARGETED_DEVICE_FAMILY = "1,2";
			};
			name = Debug;
		};
		AEDD8D151F218E82005942A6 /* Release */ = {
			isa = XCBuildConfiguration;
			buildSettings = {
				ALWAYS_SEARCH_USER_PATHS = NO;
				CLANG_ANALYZER_NONNULL = YES;
				CLANG_ANALYZER_NUMBER_OBJECT_CONVERSION = YES_AGGRESSIVE;
				CLANG_CXX_LANGUAGE_STANDARD = "gnu++0x";
				CLANG_CXX_LIBRARY = "libc++";
				CLANG_ENABLE_MODULES = YES;
				CLANG_ENABLE_OBJC_ARC = YES;
				CLANG_WARN_BOOL_CONVERSION = YES;
				CLANG_WARN_CONSTANT_CONVERSION = YES;
				CLANG_WARN_DIRECT_OBJC_ISA_USAGE = YES_ERROR;
				CLANG_WARN_DOCUMENTATION_COMMENTS = YES;
				CLANG_WARN_EMPTY_BODY = YES;
				CLANG_WARN_ENUM_CONVERSION = YES;
				CLANG_WARN_INFINITE_RECURSION = YES;
				CLANG_WARN_INT_CONVERSION = YES;
				CLANG_WARN_OBJC_ROOT_CLASS = YES_ERROR;
				CLANG_WARN_SUSPICIOUS_MOVE = YES;
				CLANG_WARN_UNREACHABLE_CODE = YES;
				CLANG_WARN__DUPLICATE_METHOD_MATCH = YES;
				"CODE_SIGN_IDENTITY[sdk=iphoneos*]" = "iPhone Developer";
				COPY_PHASE_STRIP = NO;
				DEBUG_INFORMATION_FORMAT = "dwarf-with-dsym";
				ENABLE_NS_ASSERTIONS = NO;
				ENABLE_STRICT_OBJC_MSGSEND = YES;
				GCC_C_LANGUAGE_STANDARD = gnu99;
				GCC_NO_COMMON_BLOCKS = YES;
				GCC_WARN_64_TO_32_BIT_CONVERSION = YES;
				GCC_WARN_ABOUT_RETURN_TYPE = YES_ERROR;
				GCC_WARN_UNDECLARED_SELECTOR = YES;
				GCC_WARN_UNINITIALIZED_AUTOS = YES_AGGRESSIVE;
				GCC_WARN_UNUSED_FUNCTION = YES;
				GCC_WARN_UNUSED_VARIABLE = YES;
				IPHONEOS_DEPLOYMENT_TARGET = 10.3;
				MTL_ENABLE_DEBUG_INFO = NO;
				SDKROOT = iphoneos;
				TARGETED_DEVICE_FAMILY = "1,2";
				VALIDATE_PRODUCT = YES;
			};
			name = Release;
		};
		AEDD8D171F218E82005942A6 /* Debug */ = {
			isa = XCBuildConfiguration;
			buildSettings = {
				ASSETCATALOG_COMPILER_APPICON_NAME = AppIcon;
				INFOPLIST_FILE = ScreenAdaptation/Info.plist;
				LD_RUNPATH_SEARCH_PATHS = "$(inherited) @executable_path/Frameworks";
				PRODUCT_BUNDLE_IDENTIFIER = com.Rakuyo.ScreenAdaptation;
				PRODUCT_NAME = "$(TARGET_NAME)";
			};
			name = Debug;
		};
		AEDD8D181F218E82005942A6 /* Release */ = {
			isa = XCBuildConfiguration;
			buildSettings = {
				ASSETCATALOG_COMPILER_APPICON_NAME = AppIcon;
				INFOPLIST_FILE = ScreenAdaptation/Info.plist;
				LD_RUNPATH_SEARCH_PATHS = "$(inherited) @executable_path/Frameworks";
				PRODUCT_BUNDLE_IDENTIFIER = com.Rakuyo.ScreenAdaptation;
				PRODUCT_NAME = "$(TARGET_NAME)";
			};
			name = Release;
		};
/* End XCBuildConfiguration section */

/* Begin XCConfigurationList section */
		AEDD8CFA1F218E82005942A6 /* Build configuration list for PBXProject "ScreenAdaptation" */ = {
			isa = XCConfigurationList;
			buildConfigurations = (
				AEDD8D141F218E82005942A6 /* Debug */,
				AEDD8D151F218E82005942A6 /* Release */,
			);
			defaultConfigurationIsVisible = 0;
			defaultConfigurationName = Release;
		};
		AEDD8D161F218E82005942A6 /* Build configuration list for PBXNativeTarget "ScreenAdaptation" */ = {
			isa = XCConfigurationList;
			buildConfigurations = (
				AEDD8D171F218E82005942A6 /* Debug */,
				AEDD8D181F218E82005942A6 /* Release */,
			);
			defaultConfigurationIsVisible = 0;
			defaultConfigurationName = Release;
		};
/* End XCConfigurationList section */
	};
	rootObject = AEDD8CF71F218E82005942A6 /* Project object */;
}
